PODS:
  - Alamofire (5.4.4)
  - Auth0 (1.36.0):
    - JWTDecode
    - SimpleKeychain
  - JWTDecode (2.6.2)
  - Moya (15.0.0):
    - Moya/Core (= 15.0.0)
  - Moya/Core (15.0.0):
    - Alamofire (~> 5.0)
  - SimpleKeychain (0.12.4)

DEPENDENCIES:
  - Auth0
  - Moya

SPEC REPOS:
  trunk:
    - Alamofire
    - Auth0
    - JWTDecode
    - Moya
    - SimpleKeychain

SPEC CHECKSUMS:
  Alamofire: f3b09a368f1582ab751b3fff5460276e0d2cf5c9
  Auth0: a76021f146d86be770100cfaeaea8a3fe99baea8
  JWTDecode: 2cc56f950540c95fd11b14ff6388f7c6cb9760ab
  Moya: 138f0573e53411fb3dc17016add0b748dfbd78ee
  SimpleKeychain: ce0b87643fc2565f86513877f90b43fe7cdcdc63

PODFILE CHECKSUM: 5c7cc83c3b981923a7330e0ccd41f078b55a2a36

COCOAPODS: 1.11.2
